
Microsoft Visual Studio Solution File, Format Version 12.00
# Visual Studio Version 17
VisualStudioVersion = 17.14.36717.8 d17.14
MinimumVisualStudioVersion = 10.0.40219.1
Project("{FAE04EC0-301F-11D3-BF4B-00C04F79EFBC}") = "PythonWiki", "PythonWiki\PythonWiki.csproj", "{BD1F8DEC-9A11-4E25-BD85-9DAC698EEBAC}"
EndProject
Global
	GlobalSection(SolutionConfigurationPlatforms) = preSolution
		Debug|Any CPU = Debug|Any CPU
		Release|Any CPU = Release|Any CPU
	EndGlobalSection
	GlobalSection(ProjectConfigurationPlatforms) = postSolution
		{BD1F8DEC-9A11-4E25-BD85-9DAC698EEBAC}.Debug|Any CPU.ActiveCfg = Debug|Any CPU
		{BD1F8DEC-9A11-4E25-BD85-9DAC698EEBAC}.Debug|Any CPU.Build.0 = Debug|Any CPU
		{BD1F8DEC-9A11-4E25-BD85-9DAC698EEBAC}.Release|Any CPU.ActiveCfg = Release|Any CPU
		{BD1F8DEC-9A11-4E25-BD85-9DAC698EEBAC}.Release|Any CPU.Build.0 = Release|Any CPU
	EndGlobalSection
	GlobalSection(SolutionProperties) = preSolution
		HideSolutionNode = FALSE
	EndGlobalSection
	GlobalSection(ExtensibilityGlobals) = postSolution
		SolutionGuid = {2F968A96-0A18-4AA9-B1BF-C865FA186E2C}
	EndGlobalSection
EndGlobal
